{
    "_meta": {
        "hash": {
            "sha256": "248d2aa451ed8816e69a28a72f0647760f408cd54afa402cce8c1fbc47070144"
        },
        "pipfile-spec": 6,
        "requires": {
            "python_version": "3.10"
        },
        "sources": [
            {
                "name": "pypi",
                "url": "https://pypi.org/simple",
                "verify_ssl": true
            }
        ]
    },
    "default": {},
    "develop": {}
}
